// !$*UTF8*$!
{
	archiveVersion = 1;
	classes = {
	};
	objectVersion = 51;
	objects = {

/* Begin PBXBuildFile section */
		17F6F5FD23658EB60089D0EF /* AppDelegate.swift in Sources */ = {isa = PBXBuildFile; fileRef = 17F6F5FC23658EB60089D0EF /* AppDelegate.swift */; };
		17F6F60623658EB90089D0EF /* Assets.xcassets in Resources */ = {isa = PBXBuildFile; fileRef = 17F6F60523658EB90089D0EF /* Assets.xcassets */; };
		17F6F60923658EB90089D0EF /* LaunchScreen.storyboard in Resources */ = {isa = PBXBuildFile; fileRef = 17F6F60723658EB90089D0EF /* LaunchScreen.storyboard */; };
		17F6F645236591590089D0EF /* Coordinator.swift in Sources */ = {isa = PBXBuildFile; fileRef = 17F6F644236591590089D0EF /* Coordinator.swift */; };
		17F6F647236591640089D0EF /* AppCoordinator.swift in Sources */ = {isa = PBXBuildFile; fileRef = 17F6F646236591640089D0EF /* AppCoordinator.swift */; };
		17F6F65F2365A97F0089D0EF /* AppCoordinatorTests.swift in Sources */ = {isa = PBXBuildFile; fileRef = 17F6F65E2365A97F0089D0EF /* AppCoordinatorTests.swift */; };
		17F6F6B52366E9490089D0EF /* CharacterListViewModel.swift in Sources */ = {isa = PBXBuildFile; fileRef = 17F6F6B42366E9490089D0EF /* CharacterListViewModel.swift */; };
		17F6F6BB2366EB250089D0EF /* CharacterListViewController.swift in Sources */ = {isa = PBXBuildFile; fileRef = 17F6F6B92366EB250089D0EF /* CharacterListViewController.swift */; };
		17F6F6C62367373B0089D0EF /* CharacterListDataSource.swift in Sources */ = {isa = PBXBuildFile; fileRef = 17F6F6C52367373B0089D0EF /* CharacterListDataSource.swift */; };
		17F6F6CA236738AC0089D0EF /* CharacterItemCell.swift in Sources */ = {isa = PBXBuildFile; fileRef = 17F6F6C8236738AC0089D0EF /* CharacterItemCell.swift */; };
		17F6F6CB236738AC0089D0EF /* CharacterItemCell.xib in Resources */ = {isa = PBXBuildFile; fileRef = 17F6F6C9236738AC0089D0EF /* CharacterItemCell.xib */; };
		17F6F6D8236767700089D0EF /* CharacterListViewModelTests.swift in Sources */ = {isa = PBXBuildFile; fileRef = 17F6F6D7236767700089D0EF /* CharacterListViewModelTests.swift */; };
		17F6F6F4236813460089D0EF /* CharacterDetailViewModel.swift in Sources */ = {isa = PBXBuildFile; fileRef = 17F6F6F3236813460089D0EF /* CharacterDetailViewModel.swift */; };
		17F6F6F823681E4C0089D0EF /* CharacterDetailCoordinator.swift in Sources */ = {isa = PBXBuildFile; fileRef = 17F6F6F723681E4C0089D0EF /* CharacterDetailCoordinator.swift */; };
		17F6F6FB2368221E0089D0EF /* CharacterDetailViewController.swift in Sources */ = {isa = PBXBuildFile; fileRef = 17F6F6F92368221E0089D0EF /* CharacterDetailViewController.swift */; };
		17F6F6FC2368221E0089D0EF /* CharacterDetailViewController.xib in Resources */ = {isa = PBXBuildFile; fileRef = 17F6F6FA2368221E0089D0EF /* CharacterDetailViewController.xib */; };
		17F6F705236839AF0089D0EF /* CharacterDetailCell.swift in Sources */ = {isa = PBXBuildFile; fileRef = 17F6F703236839AF0089D0EF /* CharacterDetailCell.swift */; };
		17F6F706236839AF0089D0EF /* CharacterDetailCell.xib in Resources */ = {isa = PBXBuildFile; fileRef = 17F6F704236839AF0089D0EF /* CharacterDetailCell.xib */; };
		17F6F70823683B510089D0EF /* CharacterListViewController.xib in Resources */ = {isa = PBXBuildFile; fileRef = 17F6F6BA2366EB250089D0EF /* CharacterListViewController.xib */; };
		51704B7B2F3015446E431D63 /* Pods_MovieBox.framework in Frameworks */ = {isa = PBXBuildFile; fileRef = 51A21020D639A1EE93445605 /* Pods_MovieBox.framework */; };
		54E82521A7DD9AB51BEE33B7 /* Pods_MovieBoxTests.framework in Frameworks */ = {isa = PBXBuildFile; fileRef = 998806AFD2BCFDE27AFF451C /* Pods_MovieBoxTests.framework */; };
		BFE514CE27E091FE00FF35CC /* Constants.swift in Sources */ = {isa = PBXBuildFile; fileRef = BFE514CD27E091FE00FF35CC /* Constants.swift */; };
		BFE514D327E0965000FF35CC /* APIEngineProtocol.swift in Sources */ = {isa = PBXBuildFile; fileRef = BFE514D027E0965000FF35CC /* APIEngineProtocol.swift */; };
		BFE514D427E0965000FF35CC /* APIError.swift in Sources */ = {isa = PBXBuildFile; fileRef = BFE514D127E0965000FF35CC /* APIError.swift */; };
		BFE514D527E0965000FF35CC /* APIEngine.swift in Sources */ = {isa = PBXBuildFile; fileRef = BFE514D227E0965000FF35CC /* APIEngine.swift */; };
		BFE514D927E0966900FF35CC /* Result.swift in Sources */ = {isa = PBXBuildFile; fileRef = BFE514D727E0966900FF35CC /* Result.swift */; };
		BFE514DA27E0966900FF35CC /* Decoders.swift in Sources */ = {isa = PBXBuildFile; fileRef = BFE514D827E0966900FF35CC /* Decoders.swift */; };
		BFE514DD27E0968300FF35CC /* CharacterResponse.swift in Sources */ = {isa = PBXBuildFile; fileRef = BFE514DC27E0968300FF35CC /* CharacterResponse.swift */; };
		BFE514EA27E096CD00FF35CC /* UICollectionViewExtensions.swift in Sources */ = {isa = PBXBuildFile; fileRef = BFE514E327E096CC00FF35CC /* UICollectionViewExtensions.swift */; };
		BFE514EB27E096CD00FF35CC /* ArrayExtensions.swift in Sources */ = {isa = PBXBuildFile; fileRef = BFE514E427E096CC00FF35CC /* ArrayExtensions.swift */; };
		BFE514EC27E096CD00FF35CC /* OptionalExtensions.swift in Sources */ = {isa = PBXBuildFile; fileRef = BFE514E527E096CC00FF35CC /* OptionalExtensions.swift */; };
		BFE514ED27E096CD00FF35CC /* UITableViewCellExtensions.swift in Sources */ = {isa = PBXBuildFile; fileRef = BFE514E627E096CC00FF35CC /* UITableViewCellExtensions.swift */; };
		BFE514EE27E096CD00FF35CC /* UITableViewExtensions.swift in Sources */ = {isa = PBXBuildFile; fileRef = BFE514E727E096CD00FF35CC /* UITableViewExtensions.swift */; };
		BFE514EF27E096CD00FF35CC /* UIImageViewExtensions.swift in Sources */ = {isa = PBXBuildFile; fileRef = BFE514E827E096CD00FF35CC /* UIImageViewExtensions.swift */; };
		BFE514F027E096CD00FF35CC /* UICollectionViewCellExtensions.swift in Sources */ = {isa = PBXBuildFile; fileRef = BFE514E927E096CD00FF35CC /* UICollectionViewCellExtensions.swift */; };
		BFE514F227E0978E00FF35CC /* CharactersListService.swift in Sources */ = {isa = PBXBuildFile; fileRef = BFE514F127E0978E00FF35CC /* CharactersListService.swift */; };
		BFE514F627E0C04B00FF35CC /* IndicatorView.swift in Sources */ = {isa = PBXBuildFile; fileRef = BFE514F527E0C04A00FF35CC /* IndicatorView.swift */; };
		BFE514F827E0C05600FF35CC /* IndicatorView.xib in Resources */ = {isa = PBXBuildFile; fileRef = BFE514F727E0C05600FF35CC /* IndicatorView.xib */; };
		BFE514FA27E0C19C00FF35CC /* spiderman.json in Resources */ = {isa = PBXBuildFile; fileRef = BFE514F927E0C19C00FF35CC /* spiderman.json */; };
		BFE514FC27E0CB5500FF35CC /* ComicListByCharacterIdService.swift in Sources */ = {isa = PBXBuildFile; fileRef = BFE514FB27E0CB5500FF35CC /* ComicListByCharacterIdService.swift */; };
		BFE514FE27E0D5FA00FF35CC /* ComicResponse.swift in Sources */ = {isa = PBXBuildFile; fileRef = BFE514FD27E0D5FA00FF35CC /* ComicResponse.swift */; };
		BFE5150027E0DB9800FF35CC /* DateExtensions.swift in Sources */ = {isa = PBXBuildFile; fileRef = BFE514FF27E0DB9800FF35CC /* DateExtensions.swift */; };
		BFE5150227E0E3AB00FF35CC /* ExtensionString.swift in Sources */ = {isa = PBXBuildFile; fileRef = BFE5150127E0E3AB00FF35CC /* ExtensionString.swift */; };
		BFE5150427E1507900FF35CC /* GoogleService-Info.plist in Resources */ = {isa = PBXBuildFile; fileRef = BFE5150327E1507800FF35CC /* GoogleService-Info.plist */; };
		BFE5150627E1528300FF35CC /* Defaults.swift in Sources */ = {isa = PBXBuildFile; fileRef = BFE5150527E1528300FF35CC /* Defaults.swift */; };
/* End PBXBuildFile section */

/* Begin PBXContainerItemProxy section */
		17F6F6582365A94C0089D0EF /* PBXContainerItemProxy */ = {
			isa = PBXContainerItemProxy;
			containerPortal = 17F6F5F123658EB60089D0EF /* Project object */;
			proxyType = 1;
			remoteGlobalIDString = 17F6F5F823658EB60089D0EF;
			remoteInfo = MovieBox;
		};
/* End PBXContainerItemProxy section */

/* Begin PBXFileReference section */
		17B235F2236A203900CE5676 /* MovieBoxAPI.framework */ = {isa = PBXFileReference; explicitFileType = wrapper.framework; path = MovieBoxAPI.framework; sourceTree = BUILT_PRODUCTS_DIR; };
		17B235F3236A203900CE5676 /* Utilities.framework */ = {isa = PBXFileReference; explicitFileType = wrapper.framework; path = Utilities.framework; sourceTree = BUILT_PRODUCTS_DIR; };
		17F6F5F923658EB60089D0EF /* MarvelProject.app */ = {isa = PBXFileReference; explicitFileType = wrapper.application; includeInIndex = 0; path = MarvelProject.app; sourceTree = BUILT_PRODUCTS_DIR; };
		17F6F5FC23658EB60089D0EF /* AppDelegate.swift */ = {isa = PBXFileReference; lastKnownFileType = sourcecode.swift; path = AppDelegate.swift; sourceTree = "<group>"; };
		17F6F60523658EB90089D0EF /* Assets.xcassets */ = {isa = PBXFileReference; lastKnownFileType = folder.assetcatalog; path = Assets.xcassets; sourceTree = "<group>"; };
		17F6F60823658EB90089D0EF /* Base */ = {isa = PBXFileReference; lastKnownFileType = file.storyboard; name = Base; path = Base.lproj/LaunchScreen.storyboard; sourceTree = "<group>"; };
		17F6F60A23658EB90089D0EF /* Info.plist */ = {isa = PBXFileReference; lastKnownFileType = text.plist.xml; path = Info.plist; sourceTree = "<group>"; };
		17F6F644236591590089D0EF /* Coordinator.swift */ = {isa = PBXFileReference; lastKnownFileType = sourcecode.swift; path = Coordinator.swift; sourceTree = "<group>"; };
		17F6F646236591640089D0EF /* AppCoordinator.swift */ = {isa = PBXFileReference; lastKnownFileType = sourcecode.swift; path = AppCoordinator.swift; sourceTree = "<group>"; };
		17F6F6532365A94C0089D0EF /* MarvelProjectTests.xctest */ = {isa = PBXFileReference; explicitFileType = wrapper.cfbundle; includeInIndex = 0; path = MarvelProjectTests.xctest; sourceTree = BUILT_PRODUCTS_DIR; };
		17F6F6572365A94C0089D0EF /* Info.plist */ = {isa = PBXFileReference; lastKnownFileType = text.plist.xml; path = Info.plist; sourceTree = "<group>"; };
		17F6F65E2365A97F0089D0EF /* AppCoordinatorTests.swift */ = {isa = PBXFileReference; lastKnownFileType = sourcecode.swift; path = AppCoordinatorTests.swift; sourceTree = "<group>"; };
		17F6F6B42366E9490089D0EF /* CharacterListViewModel.swift */ = {isa = PBXFileReference; lastKnownFileType = sourcecode.swift; path = CharacterListViewModel.swift; sourceTree = "<group>"; };
		17F6F6B92366EB250089D0EF /* CharacterListViewController.swift */ = {isa = PBXFileReference; lastKnownFileType = sourcecode.swift; path = CharacterListViewController.swift; sourceTree = "<group>"; };
		17F6F6BA2366EB250089D0EF /* CharacterListViewController.xib */ = {isa = PBXFileReference; lastKnownFileType = file.xib; path = CharacterListViewController.xib; sourceTree = "<group>"; };
		17F6F6C52367373B0089D0EF /* CharacterListDataSource.swift */ = {isa = PBXFileReference; lastKnownFileType = sourcecode.swift; path = CharacterListDataSource.swift; sourceTree = "<group>"; };
		17F6F6C8236738AC0089D0EF /* CharacterItemCell.swift */ = {isa = PBXFileReference; lastKnownFileType = sourcecode.swift; path = CharacterItemCell.swift; sourceTree = "<group>"; };
		17F6F6C9236738AC0089D0EF /* CharacterItemCell.xib */ = {isa = PBXFileReference; lastKnownFileType = file.xib; path = CharacterItemCell.xib; sourceTree = "<group>"; };
		17F6F6D7236767700089D0EF /* CharacterListViewModelTests.swift */ = {isa = PBXFileReference; lastKnownFileType = sourcecode.swift; path = CharacterListViewModelTests.swift; sourceTree = "<group>"; };
		17F6F6F3236813460089D0EF /* CharacterDetailViewModel.swift */ = {isa = PBXFileReference; lastKnownFileType = sourcecode.swift; path = CharacterDetailViewModel.swift; sourceTree = "<group>"; };
		17F6F6F723681E4C0089D0EF /* CharacterDetailCoordinator.swift */ = {isa = PBXFileReference; lastKnownFileType = sourcecode.swift; path = CharacterDetailCoordinator.swift; sourceTree = "<group>"; };
		17F6F6F92368221E0089D0EF /* CharacterDetailViewController.swift */ = {isa = PBXFileReference; lastKnownFileType = sourcecode.swift; path = CharacterDetailViewController.swift; sourceTree = "<group>"; };
		17F6F6FA2368221E0089D0EF /* CharacterDetailViewController.xib */ = {isa = PBXFileReference; lastKnownFileType = file.xib; path = CharacterDetailViewController.xib; sourceTree = "<group>"; };
		17F6F703236839AF0089D0EF /* CharacterDetailCell.swift */ = {isa = PBXFileReference; lastKnownFileType = sourcecode.swift; path = CharacterDetailCell.swift; sourceTree = "<group>"; };
		17F6F704236839AF0089D0EF /* CharacterDetailCell.xib */ = {isa = PBXFileReference; lastKnownFileType = file.xib; path = CharacterDetailCell.xib; sourceTree = "<group>"; };
		1FEE03F6A91F18E1ADEA09BB /* Pods-MovieBox.release.xcconfig */ = {isa = PBXFileReference; includeInIndex = 1; lastKnownFileType = text.xcconfig; name = "Pods-MovieBox.release.xcconfig"; path = "Target Support Files/Pods-MovieBox/Pods-MovieBox.release.xcconfig"; sourceTree = "<group>"; };
		3D672497F8383F858C56D3D7 /* Pods-MovieBoxTests.release.xcconfig */ = {isa = PBXFileReference; includeInIndex = 1; lastKnownFileType = text.xcconfig; name = "Pods-MovieBoxTests.release.xcconfig"; path = "Target Support Files/Pods-MovieBoxTests/Pods-MovieBoxTests.release.xcconfig"; sourceTree = "<group>"; };
		51A21020D639A1EE93445605 /* Pods_MovieBox.framework */ = {isa = PBXFileReference; explicitFileType = wrapper.framework; includeInIndex = 0; path = Pods_MovieBox.framework; sourceTree = BUILT_PRODUCTS_DIR; };
		7FFAF35B5F916A46EFDA064E /* Pods-MovieBox.debug.xcconfig */ = {isa = PBXFileReference; includeInIndex = 1; lastKnownFileType = text.xcconfig; name = "Pods-MovieBox.debug.xcconfig"; path = "Target Support Files/Pods-MovieBox/Pods-MovieBox.debug.xcconfig"; sourceTree = "<group>"; };
		9027FE5413D831301CFB7BFC /* Pods-MovieBoxTests.debug.xcconfig */ = {isa = PBXFileReference; includeInIndex = 1; lastKnownFileType = text.xcconfig; name = "Pods-MovieBoxTests.debug.xcconfig"; path = "Target Support Files/Pods-MovieBoxTests/Pods-MovieBoxTests.debug.xcconfig"; sourceTree = "<group>"; };
		998806AFD2BCFDE27AFF451C /* Pods_MovieBoxTests.framework */ = {isa = PBXFileReference; explicitFileType = wrapper.framework; includeInIndex = 0; path = Pods_MovieBoxTests.framework; sourceTree = BUILT_PRODUCTS_DIR; };
		BFE514CD27E091FE00FF35CC /* Constants.swift */ = {isa = PBXFileReference; lastKnownFileType = sourcecode.swift; path = Constants.swift; sourceTree = "<group>"; };
		BFE514D027E0965000FF35CC /* APIEngineProtocol.swift */ = {isa = PBXFileReference; fileEncoding = 4; lastKnownFileType = sourcecode.swift; path = APIEngineProtocol.swift; sourceTree = "<group>"; };
		BFE514D127E0965000FF35CC /* APIError.swift */ = {isa = PBXFileReference; fileEncoding = 4; lastKnownFileType = sourcecode.swift; path = APIError.swift; sourceTree = "<group>"; };
		BFE514D227E0965000FF35CC /* APIEngine.swift */ = {isa = PBXFileReference; fileEncoding = 4; lastKnownFileType = sourcecode.swift; path = APIEngine.swift; sourceTree = "<group>"; };
		BFE514D727E0966900FF35CC /* Result.swift */ = {isa = PBXFileReference; fileEncoding = 4; lastKnownFileType = sourcecode.swift; path = Result.swift; sourceTree = "<group>"; };
		BFE514D827E0966900FF35CC /* Decoders.swift */ = {isa = PBXFileReference; fileEncoding = 4; lastKnownFileType = sourcecode.swift; path = Decoders.swift; sourceTree = "<group>"; };
		BFE514DC27E0968300FF35CC /* CharacterResponse.swift */ = {isa = PBXFileReference; fileEncoding = 4; lastKnownFileType = sourcecode.swift; path = CharacterResponse.swift; sourceTree = "<group>"; };
		BFE514E327E096CC00FF35CC /* UICollectionViewExtensions.swift */ = {isa = PBXFileReference; fileEncoding = 4; lastKnownFileType = sourcecode.swift; path = UICollectionViewExtensions.swift; sourceTree = "<group>"; };
		BFE514E427E096CC00FF35CC /* ArrayExtensions.swift */ = {isa = PBXFileReference; fileEncoding = 4; lastKnownFileType = sourcecode.swift; path = ArrayExtensions.swift; sourceTree = "<group>"; };
		BFE514E527E096CC00FF35CC /* OptionalExtensions.swift */ = {isa = PBXFileReference; fileEncoding = 4; lastKnownFileType = sourcecode.swift; path = OptionalExtensions.swift; sourceTree = "<group>"; };
		BFE514E627E096CC00FF35CC /* UITableViewCellExtensions.swift */ = {isa = PBXFileReference; fileEncoding = 4; lastKnownFileType = sourcecode.swift; path = UITableViewCellExtensions.swift; sourceTree = "<group>"; };
		BFE514E727E096CD00FF35CC /* UITableViewExtensions.swift */ = {isa = PBXFileReference; fileEncoding = 4; lastKnownFileType = sourcecode.swift; path = UITableViewExtensions.swift; sourceTree = "<group>"; };
		BFE514E827E096CD00FF35CC /* UIImageViewExtensions.swift */ = {isa = PBXFileReference; fileEncoding = 4; lastKnownFileType = sourcecode.swift; path = UIImageViewExtensions.swift; sourceTree = "<group>"; };
		BFE514E927E096CD00FF35CC /* UICollectionViewCellExtensions.swift */ = {isa = PBXFileReference; fileEncoding = 4; lastKnownFileType = sourcecode.swift; path = UICollectionViewCellExtensions.swift; sourceTree = "<group>"; };
		BFE514F127E0978E00FF35CC /* CharactersListService.swift */ = {isa = PBXFileReference; lastKnownFileType = sourcecode.swift; path = CharactersListService.swift; sourceTree = "<group>"; };
		BFE514F527E0C04A00FF35CC /* IndicatorView.swift */ = {isa = PBXFileReference; lastKnownFileType = sourcecode.swift; path = IndicatorView.swift; sourceTree = "<group>"; };
		BFE514F727E0C05600FF35CC /* IndicatorView.xib */ = {isa = PBXFileReference; lastKnownFileType = file.xib; path = IndicatorView.xib; sourceTree = "<group>"; };
		BFE514F927E0C19C00FF35CC /* spiderman.json */ = {isa = PBXFileReference; fileEncoding = 4; lastKnownFileType = text.json; path = spiderman.json; sourceTree = "<group>"; };
		BFE514FB27E0CB5500FF35CC /* ComicListByCharacterIdService.swift */ = {isa = PBXFileReference; lastKnownFileType = sourcecode.swift; path = ComicListByCharacterIdService.swift; sourceTree = "<group>"; };
		BFE514FD27E0D5FA00FF35CC /* ComicResponse.swift */ = {isa = PBXFileReference; lastKnownFileType = sourcecode.swift; path = ComicResponse.swift; sourceTree = "<group>"; };
		BFE514FF27E0DB9800FF35CC /* DateExtensions.swift */ = {isa = PBXFileReference; lastKnownFileType = sourcecode.swift; path = DateExtensions.swift; sourceTree = "<group>"; };
		BFE5150127E0E3AB00FF35CC /* ExtensionString.swift */ = {isa = PBXFileReference; lastKnownFileType = sourcecode.swift; path = ExtensionString.swift; sourceTree = "<group>"; };
		BFE5150327E1507800FF35CC /* GoogleService-Info.plist */ = {isa = PBXFileReference; fileEncoding = 4; lastKnownFileType = text.plist.xml; path = "GoogleService-Info.plist"; sourceTree = "<group>"; };
		BFE5150527E1528300FF35CC /* Defaults.swift */ = {isa = PBXFileReference; lastKnownFileType = sourcecode.swift; path = Defaults.swift; sourceTree = "<group>"; };
/* End PBXFileReference section */

/* Begin PBXFrameworksBuildPhase section */
		17F6F5F623658EB60089D0EF /* Frameworks */ = {
			isa = PBXFrameworksBuildPhase;
			buildActionMask = 2147483647;
			files = (
				51704B7B2F3015446E431D63 /* Pods_MovieBox.framework in Frameworks */,
			);
			runOnlyForDeploymentPostprocessing = 0;
		};
		17F6F6502365A94C0089D0EF /* Frameworks */ = {
			isa = PBXFrameworksBuildPhase;
			buildActionMask = 2147483647;
			files = (
				54E82521A7DD9AB51BEE33B7 /* Pods_MovieBoxTests.framework in Frameworks */,
			);
			runOnlyForDeploymentPostprocessing = 0;
		};
/* End PBXFrameworksBuildPhase section */

/* Begin PBXGroup section */
		17B235F1236A203900CE5676 /* Frameworks */ = {
			isa = PBXGroup;
			children = (
				17B235F2236A203900CE5676 /* MovieBoxAPI.framework */,
				17B235F3236A203900CE5676 /* Utilities.framework */,
				51A21020D639A1EE93445605 /* Pods_MovieBox.framework */,
				998806AFD2BCFDE27AFF451C /* Pods_MovieBoxTests.framework */,
			);
			name = Frameworks;
			sourceTree = "<group>";
		};
		17F6F5F023658EB60089D0EF = {
			isa = PBXGroup;
			children = (
				17F6F5FB23658EB60089D0EF /* MarvelProject */,
				17F6F6542365A94C0089D0EF /* MarvelProjectTests */,
				17F6F5FA23658EB60089D0EF /* Products */,
				17B235F1236A203900CE5676 /* Frameworks */,
				CB7BF54C36ADA37E5B61858C /* Pods */,
			);
			sourceTree = "<group>";
		};
		17F6F5FA23658EB60089D0EF /* Products */ = {
			isa = PBXGroup;
			children = (
				17F6F5F923658EB60089D0EF /* MarvelProject.app */,
				17F6F6532365A94C0089D0EF /* MarvelProjectTests.xctest */,
			);
			name = Products;
			sourceTree = "<group>";
		};
		17F6F5FB23658EB60089D0EF /* MarvelProject */ = {
			isa = PBXGroup;
			children = (
				BFE514E127E096BA00FF35CC /* Util */,
				BFE514DE27E0968800FF35CC /* Client */,
				BFE514D627E0966000FF35CC /* Helpers */,
				BFE514CF27E0962800FF35CC /* APIEngine */,
				BFE5144E27E0173900FF35CC /* Responses */,
				17F6F6BF2366EF9D0089D0EF /* Common */,
				17F6F6B12366E9010089D0EF /* Modules */,
				17F6F6432365906E0089D0EF /* App */,
				17F6F642236590660089D0EF /* Resources */,
			);
			path = MarvelProject;
			sourceTree = "<group>";
		};
		17F6F642236590660089D0EF /* Resources */ = {
			isa = PBXGroup;
			children = (
				17F6F60523658EB90089D0EF /* Assets.xcassets */,
				17F6F60723658EB90089D0EF /* LaunchScreen.storyboard */,
				17F6F60A23658EB90089D0EF /* Info.plist */,
			);
			path = Resources;
			sourceTree = "<group>";
		};
		17F6F6432365906E0089D0EF /* App */ = {
			isa = PBXGroup;
			children = (
				17F6F5FC23658EB60089D0EF /* AppDelegate.swift */,
				17F6F644236591590089D0EF /* Coordinator.swift */,
				17F6F646236591640089D0EF /* AppCoordinator.swift */,
			);
			path = App;
			sourceTree = "<group>";
		};
		17F6F6542365A94C0089D0EF /* MarvelProjectTests */ = {
			isa = PBXGroup;
			children = (
				17F6F6D32367673C0089D0EF /* Module */,
				17F6F65D2365A96E0089D0EF /* App */,
				17F6F6572365A94C0089D0EF /* Info.plist */,
			);
			path = MarvelProjectTests;
			sourceTree = "<group>";
		};
		17F6F65D2365A96E0089D0EF /* App */ = {
			isa = PBXGroup;
			children = (
				17F6F65E2365A97F0089D0EF /* AppCoordinatorTests.swift */,
			);
			path = App;
			sourceTree = "<group>";
		};
		17F6F6B12366E9010089D0EF /* Modules */ = {
			isa = PBXGroup;
			children = (
				17F6F6B22366E90F0089D0EF /* CharacterList */,
				17F6F6F0236811CA0089D0EF /* CharacterDetail */,
			);
			path = Modules;
			sourceTree = "<group>";
		};
		17F6F6B22366E90F0089D0EF /* CharacterList */ = {
			isa = PBXGroup;
			children = (
				17F6F6B62366EAA90089D0EF /* View */,
				17F6F6B32366E9280089D0EF /* ViewModel */,
			);
			path = CharacterList;
			sourceTree = "<group>";
		};
		17F6F6B32366E9280089D0EF /* ViewModel */ = {
			isa = PBXGroup;
			children = (
				17F6F6B42366E9490089D0EF /* CharacterListViewModel.swift */,
			);
			path = ViewModel;
			sourceTree = "<group>";
		};
		17F6F6B62366EAA90089D0EF /* View */ = {
			isa = PBXGroup;
			children = (
				17F6F6C72367385D0089D0EF /* Cell */,
				17F6F6B92366EB250089D0EF /* CharacterListViewController.swift */,
				17F6F6BA2366EB250089D0EF /* CharacterListViewController.xib */,
				17F6F6C52367373B0089D0EF /* CharacterListDataSource.swift */,
			);
			path = View;
			sourceTree = "<group>";
		};
		17F6F6BF2366EF9D0089D0EF /* Common */ = {
			isa = PBXGroup;
			children = (
				17F6F6CC23673DCB0089D0EF /* Constants */,
			);
			path = Common;
			sourceTree = "<group>";
		};
		17F6F6C72367385D0089D0EF /* Cell */ = {
			isa = PBXGroup;
			children = (
				17F6F6C8236738AC0089D0EF /* CharacterItemCell.swift */,
				17F6F6C9236738AC0089D0EF /* CharacterItemCell.xib */,
			);
			path = Cell;
			sourceTree = "<group>";
		};
		17F6F6CC23673DCB0089D0EF /* Constants */ = {
			isa = PBXGroup;
			children = (
				BFE514CD27E091FE00FF35CC /* Constants.swift */,
			);
			path = Constants;
			sourceTree = "<group>";
		};
		17F6F6D32367673C0089D0EF /* Module */ = {
			isa = PBXGroup;
			children = (
				17F6F6D42367674A0089D0EF /* CharacterList */,
			);
			path = Module;
			sourceTree = "<group>";
		};
		17F6F6D42367674A0089D0EF /* CharacterList */ = {
			isa = PBXGroup;
			children = (
				17F6F6D5236767590089D0EF /* ViewModel */,
			);
			path = CharacterList;
			sourceTree = "<group>";
		};
		17F6F6D5236767590089D0EF /* ViewModel */ = {
			isa = PBXGroup;
			children = (
				17F6F6D7236767700089D0EF /* CharacterListViewModelTests.swift */,
			);
			path = ViewModel;
			sourceTree = "<group>";
		};
		17F6F6F0236811CA0089D0EF /* CharacterDetail */ = {
			isa = PBXGroup;
			children = (
				17F6F6F623681E3A0089D0EF /* Coordinator */,
				17F6F6F1236811E20089D0EF /* View */,
				17F6F6F2236811E70089D0EF /* ViewModel */,
			);
			path = CharacterDetail;
			sourceTree = "<group>";
		};
		17F6F6F1236811E20089D0EF /* View */ = {
			isa = PBXGroup;
			children = (
				17F6F707236839B40089D0EF /* Cell */,
				17F6F6F92368221E0089D0EF /* CharacterDetailViewController.swift */,
				17F6F6FA2368221E0089D0EF /* CharacterDetailViewController.xib */,
			);
			path = View;
			sourceTree = "<group>";
		};
		17F6F6F2236811E70089D0EF /* ViewModel */ = {
			isa = PBXGroup;
			children = (
				17F6F6F3236813460089D0EF /* CharacterDetailViewModel.swift */,
			);
			path = ViewModel;
			sourceTree = "<group>";
		};
		17F6F6F623681E3A0089D0EF /* Coordinator */ = {
			isa = PBXGroup;
			children = (
				17F6F6F723681E4C0089D0EF /* CharacterDetailCoordinator.swift */,
			);
			path = Coordinator;
			sourceTree = "<group>";
		};
		17F6F707236839B40089D0EF /* Cell */ = {
			isa = PBXGroup;
			children = (
				17F6F703236839AF0089D0EF /* CharacterDetailCell.swift */,
				17F6F704236839AF0089D0EF /* CharacterDetailCell.xib */,
			);
			path = Cell;
			sourceTree = "<group>";
		};
		BFE5144E27E0173900FF35CC /* Responses */ = {
			isa = PBXGroup;
			children = (
				BFE514DC27E0968300FF35CC /* CharacterResponse.swift */,
				BFE514FD27E0D5FA00FF35CC /* ComicResponse.swift */,
			);
			path = Responses;
			sourceTree = "<group>";
		};
		BFE514CF27E0962800FF35CC /* APIEngine */ = {
			isa = PBXGroup;
			children = (
				BFE514F427E0C03700FF35CC /* IndicatorView */,
				BFE514D227E0965000FF35CC /* APIEngine.swift */,
				BFE514D027E0965000FF35CC /* APIEngineProtocol.swift */,
				BFE514D127E0965000FF35CC /* APIError.swift */,
			);
			path = APIEngine;
			sourceTree = "<group>";
		};
		BFE514D627E0966000FF35CC /* Helpers */ = {
			isa = PBXGroup;
			children = (
				BFE514D827E0966900FF35CC /* Decoders.swift */,
				BFE514D727E0966900FF35CC /* Result.swift */,
			);
			path = Helpers;
			sourceTree = "<group>";
		};
		BFE514DE27E0968800FF35CC /* Client */ = {
			isa = PBXGroup;
			children = (
				BFE514F127E0978E00FF35CC /* CharactersListService.swift */,
				BFE514FB27E0CB5500FF35CC /* ComicListByCharacterIdService.swift */,
			);
			path = Client;
			sourceTree = "<group>";
		};
		BFE514E127E096BA00FF35CC /* Util */ = {
			isa = PBXGroup;
			children = (
				BFE5150327E1507800FF35CC /* GoogleService-Info.plist */,
				BFE514F927E0C19C00FF35CC /* spiderman.json */,
				BFE514E227E096C200FF35CC /* Extensions */,
				BFE5150527E1528300FF35CC /* Defaults.swift */,
			);
			path = Util;
			sourceTree = "<group>";
		};
		BFE514E227E096C200FF35CC /* Extensions */ = {
			isa = PBXGroup;
			children = (
				BFE514E527E096CC00FF35CC /* OptionalExtensions.swift */,
				BFE514E327E096CC00FF35CC /* UICollectionViewExtensions.swift */,
				BFE514E927E096CD00FF35CC /* UICollectionViewCellExtensions.swift */,
				BFE514E427E096CC00FF35CC /* ArrayExtensions.swift */,
				BFE514E827E096CD00FF35CC /* UIImageViewExtensions.swift */,
				BFE514E627E096CC00FF35CC /* UITableViewCellExtensions.swift */,
				BFE514E727E096CD00FF35CC /* UITableViewExtensions.swift */,
				BFE514FF27E0DB9800FF35CC /* DateExtensions.swift */,
				BFE5150127E0E3AB00FF35CC /* ExtensionString.swift */,
			);
			path = Extensions;
			sourceTree = "<group>";
		};
		BFE514F427E0C03700FF35CC /* IndicatorView */ = {
			isa = PBXGroup;
			children = (
				BFE514F527E0C04A00FF35CC /* IndicatorView.swift */,
				BFE514F727E0C05600FF35CC /* IndicatorView.xib */,
			);
			path = IndicatorView;
			sourceTree = "<group>";
		};
		CB7BF54C36ADA37E5B61858C /* Pods */ = {
			isa = PBXGroup;
			children = (
				7FFAF35B5F916A46EFDA064E /* Pods-MovieBox.debug.xcconfig */,
				1FEE03F6A91F18E1ADEA09BB /* Pods-MovieBox.release.xcconfig */,
				9027FE5413D831301CFB7BFC /* Pods-MovieBoxTests.debug.xcconfig */,
				3D672497F8383F858C56D3D7 /* Pods-MovieBoxTests.release.xcconfig */,
			);
			path = Pods;
			sourceTree = "<group>";
		};
/* End PBXGroup section */

/* Begin PBXNativeTarget section */
		17F6F5F823658EB60089D0EF /* MarvelProject */ = {
			isa = PBXNativeTarget;
			buildConfigurationList = 17F6F61823658EB90089D0EF /* Build configuration list for PBXNativeTarget "MarvelProject" */;
			buildPhases = (
				BF45B0A57AA6283B79B5997B /* [CP] Check Pods Manifest.lock */,
				17F6F5F523658EB60089D0EF /* Sources */,
				17F6F5F623658EB60089D0EF /* Frameworks */,
				17F6F5F723658EB60089D0EF /* Resources */,
				0C2DB1C6A054A64BCBAF702B /* [CP] Embed Pods Frameworks */,
			);
			buildRules = (
			);
			dependencies = (
			);
			name = MarvelProject;
			productName = MovieBox;
			productReference = 17F6F5F923658EB60089D0EF /* MarvelProject.app */;
			productType = "com.apple.product-type.application";
		};
		17F6F6522365A94C0089D0EF /* MarvelProjectTests */ = {
			isa = PBXNativeTarget;
			buildConfigurationList = 17F6F65A2365A94C0089D0EF /* Build configuration list for PBXNativeTarget "MarvelProjectTests" */;
			buildPhases = (
				15415FEB5A490D52F9A6F476 /* [CP] Check Pods Manifest.lock */,
				17F6F64F2365A94C0089D0EF /* Sources */,
				17F6F6502365A94C0089D0EF /* Frameworks */,
				17F6F6512365A94C0089D0EF /* Resources */,
			);
			buildRules = (
			);
			dependencies = (
				17F6F6592365A94C0089D0EF /* PBXTargetDependency */,
			);
			name = MarvelProjectTests;
			productName = MovieBoxTests;
			productReference = 17F6F6532365A94C0089D0EF /* MarvelProjectTests.xctest */;
			productType = "com.apple.product-type.bundle.unit-test";
		};
/* End PBXNativeTarget section */

/* Begin PBXProject section */
		17F6F5F123658EB60089D0EF /* Project object */ = {
			isa = PBXProject;
			attributes = {
				LastSwiftUpdateCheck = 1110;
				LastUpgradeCheck = 1110;
				ORGANIZATIONNAME = akifdemirezen;
				TargetAttributes = {
					17F6F5F823658EB60089D0EF = {
						CreatedOnToolsVersion = 11.1;
					};
					17F6F6522365A94C0089D0EF = {
						CreatedOnToolsVersion = 11.1;
						TestTargetID = 17F6F5F823658EB60089D0EF;
					};
				};
			};
			buildConfigurationList = 17F6F5F423658EB60089D0EF /* Build configuration list for PBXProject "MarvelProject" */;
			compatibilityVersion = "Xcode 9.3";
			developmentRegion = en;
			hasScannedForEncodings = 0;
			knownRegions = (
				en,
				Base,
			);
			mainGroup = 17F6F5F023658EB60089D0EF;
			productRefGroup = 17F6F5FA23658EB60089D0EF /* Products */;
			projectDirPath = "";
			projectRoot = "";
			targets = (
				17F6F5F823658EB60089D0EF /* MarvelProject */,
				17F6F6522365A94C0089D0EF /* MarvelProjectTests */,
			);
		};
/* End PBXProject section */

/* Begin PBXResourcesBuildPhase section */
		17F6F5F723658EB60089D0EF /* Resources */ = {
			isa = PBXResourcesBuildPhase;
			buildActionMask = 2147483647;
			files = (
				17F6F6FC2368221E0089D0EF /* CharacterDetailViewController.xib in Resources */,
				BFE514FA27E0C19C00FF35CC /* spiderman.json in Resources */,
				BFE5150427E1507900FF35CC /* GoogleService-Info.plist in Resources */,
				BFE514F827E0C05600FF35CC /* IndicatorView.xib in Resources */,
				17F6F6CB236738AC0089D0EF /* CharacterItemCell.xib in Resources */,
				17F6F706236839AF0089D0EF /* CharacterDetailCell.xib in Resources */,
				17F6F70823683B510089D0EF /* CharacterListViewController.xib in Resources */,
				17F6F60923658EB90089D0EF /* LaunchScreen.storyboard in Resources */,
				17F6F60623658EB90089D0EF /* Assets.xcassets in Resources */,
			);
			runOnlyForDeploymentPostprocessing = 0;
		};
		17F6F6512365A94C0089D0EF /* Resources */ = {
			isa = PBXResourcesBuildPhase;
			buildActionMask = 2147483647;
			files = (
			);
			runOnlyForDeploymentPostprocessing = 0;
		};
/* End PBXResourcesBuildPhase section */

/* Begin PBXShellScriptBuildPhase section */
		0C2DB1C6A054A64BCBAF702B /* [CP] Embed Pods Frameworks */ = {
			isa = PBXShellScriptBuildPhase;
			buildActionMask = 2147483647;
			files = (
			);
			inputFileListPaths = (
				"${PODS_ROOT}/Target Support Files/Pods-MovieBox/Pods-MovieBox-frameworks-${CONFIGURATION}-input-files.xcfilelist",
			);
			name = "[CP] Embed Pods Frameworks";
			outputFileListPaths = (
				"${PODS_ROOT}/Target Support Files/Pods-MovieBox/Pods-MovieBox-frameworks-${CONFIGURATION}-output-files.xcfilelist",
			);
			runOnlyForDeploymentPostprocessing = 0;
			shellPath = /bin/sh;
			shellScript = "\"${PODS_ROOT}/Target Support Files/Pods-MovieBox/Pods-MovieBox-frameworks.sh\"\n";
			showEnvVarsInLog = 0;
		};
		15415FEB5A490D52F9A6F476 /* [CP] Check Pods Manifest.lock */ = {
			isa = PBXShellScriptBuildPhase;
			buildActionMask = 2147483647;
			files = (
			);
			inputFileListPaths = (
			);
			inputPaths = (
				"${PODS_PODFILE_DIR_PATH}/Podfile.lock",
				"${PODS_ROOT}/Manifest.lock",
			);
			name = "[CP] Check Pods Manifest.lock";
			outputFileListPaths = (
			);
			outputPaths = (
				"$(DERIVED_FILE_DIR)/Pods-MovieBoxTests-checkManifestLockResult.txt",
			);
			runOnlyForDeploymentPostprocessing = 0;
			shellPath = /bin/sh;
			shellScript = "diff \"${PODS_PODFILE_DIR_PATH}/Podfile.lock\" \"${PODS_ROOT}/Manifest.lock\" > /dev/null\nif [ $? != 0 ] ; then\n    # print error to STDERR\n    echo \"error: The sandbox is not in sync with the Podfile.lock. Run 'pod install' or update your CocoaPods installation.\" >&2\n    exit 1\nfi\n# This output is used by Xcode 'outputs' to avoid re-running this script phase.\necho \"SUCCESS\" > \"${SCRIPT_OUTPUT_FILE_0}\"\n";
			showEnvVarsInLog = 0;
		};
		BF45B0A57AA6283B79B5997B /* [CP] Check Pods Manifest.lock */ = {
			isa = PBXShellScriptBuildPhase;
			buildActionMask = 2147483647;
			files = (
			);
			inputFileListPaths = (
			);
			inputPaths = (
				"${PODS_PODFILE_DIR_PATH}/Podfile.lock",
				"${PODS_ROOT}/Manifest.lock",
			);
			name = "[CP] Check Pods Manifest.lock";
			outputFileListPaths = (
			);
			outputPaths = (
				"$(DERIVED_FILE_DIR)/Pods-MovieBox-checkManifestLockResult.txt",
			);
			runOnlyForDeploymentPostprocessing = 0;
			shellPath = /bin/sh;
			shellScript = "diff \"${PODS_PODFILE_DIR_PATH}/Podfile.lock\" \"${PODS_ROOT}/Manifest.lock\" > /dev/null\nif [ $? != 0 ] ; then\n    # print error to STDERR\n    echo \"error: The sandbox is not in sync with the Podfile.lock. Run 'pod install' or update your CocoaPods installation.\" >&2\n    exit 1\nfi\n# This output is used by Xcode 'outputs' to avoid re-running this script phase.\necho \"SUCCESS\" > \"${SCRIPT_OUTPUT_FILE_0}\"\n";
			showEnvVarsInLog = 0;
		};
/* End PBXShellScriptBuildPhase section */

/* Begin PBXSourcesBuildPhase section */
		17F6F5F523658EB60089D0EF /* Sources */ = {
			isa = PBXSourcesBuildPhase;
			buildActionMask = 2147483647;
			files = (
				BFE514EE27E096CD00FF35CC /* UITableViewExtensions.swift in Sources */,
				BFE514F627E0C04B00FF35CC /* IndicatorView.swift in Sources */,
				BFE514F027E096CD00FF35CC /* UICollectionViewCellExtensions.swift in Sources */,
				BFE514DA27E0966900FF35CC /* Decoders.swift in Sources */,
				17F6F6F823681E4C0089D0EF /* CharacterDetailCoordinator.swift in Sources */,
				17F6F647236591640089D0EF /* AppCoordinator.swift in Sources */,
				BFE514EF27E096CD00FF35CC /* UIImageViewExtensions.swift in Sources */,
				BFE514EB27E096CD00FF35CC /* ArrayExtensions.swift in Sources */,
				17F6F6CA236738AC0089D0EF /* CharacterItemCell.swift in Sources */,
				17F6F6FB2368221E0089D0EF /* CharacterDetailViewController.swift in Sources */,
				BFE514F227E0978E00FF35CC /* CharactersListService.swift in Sources */,
				17F6F6C62367373B0089D0EF /* CharacterListDataSource.swift in Sources */,
				17F6F5FD23658EB60089D0EF /* AppDelegate.swift in Sources */,
				BFE514FC27E0CB5500FF35CC /* ComicListByCharacterIdService.swift in Sources */,
				BFE514FE27E0D5FA00FF35CC /* ComicResponse.swift in Sources */,
				17F6F705236839AF0089D0EF /* CharacterDetailCell.swift in Sources */,
				BFE514ED27E096CD00FF35CC /* UITableViewCellExtensions.swift in Sources */,
				BFE514EA27E096CD00FF35CC /* UICollectionViewExtensions.swift in Sources */,
				BFE514D427E0965000FF35CC /* APIError.swift in Sources */,
				BFE514EC27E096CD00FF35CC /* OptionalExtensions.swift in Sources */,
				BFE5150627E1528300FF35CC /* Defaults.swift in Sources */,
				BFE514DD27E0968300FF35CC /* CharacterResponse.swift in Sources */,
				BFE514D327E0965000FF35CC /* APIEngineProtocol.swift in Sources */,
				BFE514D527E0965000FF35CC /* APIEngine.swift in Sources */,
				17F6F6BB2366EB250089D0EF /* CharacterListViewController.swift in Sources */,
				17F6F6F4236813460089D0EF /* CharacterDetailViewModel.swift in Sources */,
				17F6F645236591590089D0EF /* Coordinator.swift in Sources */,
				BFE514D927E0966900FF35CC /* Result.swift in Sources */,
				BFE5150227E0E3AB00FF35CC /* ExtensionString.swift in Sources */,
				BFE5150027E0DB9800FF35CC /* DateExtensions.swift in Sources */,
				BFE514CE27E091FE00FF35CC /* Constants.swift in Sources */,
				17F6F6B52366E9490089D0EF /* CharacterListViewModel.swift in Sources */,
			);
			runOnlyForDeploymentPostprocessing = 0;
		};
		17F6F64F2365A94C0089D0EF /* Sources */ = {
			isa = PBXSourcesBuildPhase;
			buildActionMask = 2147483647;
			files = (
				17F6F65F2365A97F0089D0EF /* AppCoordinatorTests.swift in Sources */,
				17F6F6D8236767700089D0EF /* CharacterListViewModelTests.swift in Sources */,
			);
			runOnlyForDeploymentPostprocessing = 0;
		};
/* End PBXSourcesBuildPhase section */

/* Begin PBXTargetDependency section */
		17F6F6592365A94C0089D0EF /* PBXTargetDependency */ = {
			isa = PBXTargetDependency;
			target = 17F6F5F823658EB60089D0EF /* MarvelProject */;
			targetProxy = 17F6F6582365A94C0089D0EF /* PBXContainerItemProxy */;
		};
/* End PBXTargetDependency section */

/* Begin PBXVariantGroup section */
		17F6F60723658EB90089D0EF /* LaunchScreen.storyboard */ = {
			isa = PBXVariantGroup;
			children = (
				17F6F60823658EB90089D0EF /* Base */,
			);
			name = LaunchScreen.storyboard;
			sourceTree = "<group>";
		};
/* End PBXVariantGroup section */

/* Begin XCBuildConfiguration section */
		17F6F61623658EB90089D0EF /* Debug */ = {
			isa = XCBuildConfiguration;
			buildSettings = {
				ALWAYS_SEARCH_USER_PATHS = NO;
				CLANG_ANALYZER_NONNULL = YES;
				CLANG_ANALYZER_NUMBER_OBJECT_CONVERSION = YES_AGGRESSIVE;
				CLANG_CXX_LANGUAGE_STANDARD = "gnu++14";
				CLANG_CXX_LIBRARY = "libc++";
				CLANG_ENABLE_MODULES = YES;
				CLANG_ENABLE_OBJC_ARC = YES;
				CLANG_ENABLE_OBJC_WEAK = YES;
				CLANG_WARN_BLOCK_CAPTURE_AUTORELEASING = YES;
				CLANG_WARN_BOOL_CONVERSION = YES;
				CLANG_WARN_COMMA = YES;
				CLANG_WARN_CONSTANT_CONVERSION = YES;
				CLANG_WARN_DEPRECATED_OBJC_IMPLEMENTATIONS = YES;
				CLANG_WARN_DIRECT_OBJC_ISA_USAGE = YES_ERROR;
				CLANG_WARN_DOCUMENTATION_COMMENTS = YES;
				CLANG_WARN_EMPTY_BODY = YES;
				CLANG_WARN_ENUM_CONVERSION = YES;
				CLANG_WARN_INFINITE_RECURSION = YES;
				CLANG_WARN_INT_CONVERSION = YES;
				CLANG_WARN_NON_LITERAL_NULL_CONVERSION = YES;
				CLANG_WARN_OBJC_IMPLICIT_RETAIN_SELF = YES;
				CLANG_WARN_OBJC_LITERAL_CONVERSION = YES;
				CLANG_WARN_OBJC_ROOT_CLASS = YES_ERROR;
				CLANG_WARN_RANGE_LOOP_ANALYSIS = YES;
				CLANG_WARN_STRICT_PROTOTYPES = YES;
				CLANG_WARN_SUSPICIOUS_MOVE = YES;
				CLANG_WARN_UNGUARDED_AVAILABILITY = YES_AGGRESSIVE;
				CLANG_WARN_UNREACHABLE_CODE = YES;
				CLANG_WARN__DUPLICATE_METHOD_MATCH = YES;
				COPY_PHASE_STRIP = NO;
				DEBUG_INFORMATION_FORMAT = dwarf;
				ENABLE_STRICT_OBJC_MSGSEND = YES;
				ENABLE_TESTABILITY = YES;
				GCC_C_LANGUAGE_STANDARD = gnu11;
				GCC_DYNAMIC_NO_PIC = NO;
				GCC_NO_COMMON_BLOCKS = YES;
				GCC_OPTIMIZATION_LEVEL = 0;
				GCC_PREPROCESSOR_DEFINITIONS = (
					"DEBUG=1",
					"$(inherited)",
				);
				GCC_WARN_64_TO_32_BIT_CONVERSION = YES;
				GCC_WARN_ABOUT_RETURN_TYPE = YES_ERROR;
				GCC_WARN_UNDECLARED_SELECTOR = YES;
				GCC_WARN_UNINITIALIZED_AUTOS = YES_AGGRESSIVE;
				GCC_WARN_UNUSED_FUNCTION = YES;
				GCC_WARN_UNUSED_VARIABLE = YES;
				IPHONEOS_DEPLOYMENT_TARGET = 10.0;
				MTL_ENABLE_DEBUG_INFO = INCLUDE_SOURCE;
				MTL_FAST_MATH = YES;
				ONLY_ACTIVE_ARCH = YES;
				SDKROOT = iphoneos;
				SWIFT_ACTIVE_COMPILATION_CONDITIONS = DEBUG;
				SWIFT_OPTIMIZATION_LEVEL = "-Onone";
			};
			name = Debug;
		};
		17F6F61723658EB90089D0EF /* Release */ = {
			isa = XCBuildConfiguration;
			buildSettings = {
				ALWAYS_SEARCH_USER_PATHS = NO;
				CLANG_ANALYZER_NONNULL = YES;
				CLANG_ANALYZER_NUMBER_OBJECT_CONVERSION = YES_AGGRESSIVE;
				CLANG_CXX_LANGUAGE_STANDARD = "gnu++14";
				CLANG_CXX_LIBRARY = "libc++";
				CLANG_ENABLE_MODULES = YES;
				CLANG_ENABLE_OBJC_ARC = YES;
				CLANG_ENABLE_OBJC_WEAK = YES;
				CLANG_WARN_BLOCK_CAPTURE_AUTORELEASING = YES;
				CLANG_WARN_BOOL_CONVERSION = YES;
				CLANG_WARN_COMMA = YES;
				CLANG_WARN_CONSTANT_CONVERSION = YES;
				CLANG_WARN_DEPRECATED_OBJC_IMPLEMENTATIONS = YES;
				CLANG_WARN_DIRECT_OBJC_ISA_USAGE = YES_ERROR;
				CLANG_WARN_DOCUMENTATION_COMMENTS = YES;
				CLANG_WARN_EMPTY_BODY = YES;
				CLANG_WARN_ENUM_CONVERSION = YES;
				CLANG_WARN_INFINITE_RECURSION = YES;
				CLANG_WARN_INT_CONVERSION = YES;
				CLANG_WARN_NON_LITERAL_NULL_CONVERSION = YES;
				CLANG_WARN_OBJC_IMPLICIT_RETAIN_SELF = YES;
				CLANG_WARN_OBJC_LITERAL_CONVERSION = YES;
				CLANG_WARN_OBJC_ROOT_CLASS = YES_ERROR;
				CLANG_WARN_RANGE_LOOP_ANALYSIS = YES;
				CLANG_WARN_STRICT_PROTOTYPES = YES;
				CLANG_WARN_SUSPICIOUS_MOVE = YES;
				CLANG_WARN_UNGUARDED_AVAILABILITY = YES_AGGRESSIVE;
				CLANG_WARN_UNREACHABLE_CODE = YES;
				CLANG_WARN__DUPLICATE_METHOD_MATCH = YES;
				COPY_PHASE_STRIP = NO;
				DEBUG_INFORMATION_FORMAT = "dwarf-with-dsym";
				ENABLE_NS_ASSERTIONS = NO;
				ENABLE_STRICT_OBJC_MSGSEND = YES;
				GCC_C_LANGUAGE_STANDARD = gnu11;
				GCC_NO_COMMON_BLOCKS = YES;
				GCC_WARN_64_TO_32_BIT_CONVERSION = YES;
				GCC_WARN_ABOUT_RETURN_TYPE = YES_ERROR;
				GCC_WARN_UNDECLARED_SELECTOR = YES;
				GCC_WARN_UNINITIALIZED_AUTOS = YES_AGGRESSIVE;
				GCC_WARN_UNUSED_FUNCTION = YES;
				GCC_WARN_UNUSED_VARIABLE = YES;
				IPHONEOS_DEPLOYMENT_TARGET = 10.0;
				MTL_ENABLE_DEBUG_INFO = NO;
				MTL_FAST_MATH = YES;
				SDKROOT = iphoneos;
				SWIFT_COMPILATION_MODE = wholemodule;
				SWIFT_OPTIMIZATION_LEVEL = "-O";
				VALIDATE_PRODUCT = YES;
			};
			name = Release;
		};
		17F6F61923658EB90089D0EF /* Debug */ = {
			isa = XCBuildConfiguration;
			baseConfigurationReference = 7FFAF35B5F916A46EFDA064E /* Pods-MovieBox.debug.xcconfig */;
			buildSettings = {
				ASSETCATALOG_COMPILER_APPICON_NAME = AppIcon;
				CODE_SIGN_STYLE = Automatic;
				CURRENT_PROJECT_VERSION = 1.0;
				DEVELOPMENT_TEAM = 9PU6D47W39;
				INFOPLIST_FILE = "$(SRCROOT)/MarvelProject/Resources/Info.plist";
				LD_RUNPATH_SEARCH_PATHS = (
					"$(inherited)",
					"@executable_path/Frameworks",
				);
				MARKETING_VERSION = 1.0;
				PRODUCT_BUNDLE_IDENTIFIER = com.demirezen.marvelProject;
				PRODUCT_NAME = "$(TARGET_NAME)";
				SWIFT_VERSION = 5.0;
				TARGETED_DEVICE_FAMILY = "1,2";
			};
			name = Debug;
		};
		17F6F61A23658EB90089D0EF /* Release */ = {
			isa = XCBuildConfiguration;
			baseConfigurationReference = 1FEE03F6A91F18E1ADEA09BB /* Pods-MovieBox.release.xcconfig */;
			buildSettings = {
				ASSETCATALOG_COMPILER_APPICON_NAME = AppIcon;
				CODE_SIGN_STYLE = Automatic;
				CURRENT_PROJECT_VERSION = 1.0;
				DEVELOPMENT_TEAM = 9PU6D47W39;
				INFOPLIST_FILE = "$(SRCROOT)/MarvelProject/Resources/Info.plist";
				LD_RUNPATH_SEARCH_PATHS = (
					"$(inherited)",
					"@executable_path/Frameworks",
				);
				MARKETING_VERSION = 1.0;
				PRODUCT_BUNDLE_IDENTIFIER = com.demirezen.marvelProject;
				PRODUCT_NAME = "$(TARGET_NAME)";
				SWIFT_VERSION = 5.0;
				TARGETED_DEVICE_FAMILY = "1,2";
			};
			name = Release;
		};
		17F6F65B2365A94C0089D0EF /* Debug */ = {
			isa = XCBuildConfiguration;
			baseConfigurationReference = 9027FE5413D831301CFB7BFC /* Pods-MovieBoxTests.debug.xcconfig */;
			buildSettings = {
				BUNDLE_LOADER = "$(TEST_HOST)";
				CODE_SIGN_STYLE = Automatic;
				DEVELOPMENT_TEAM = 9PU6D47W39;
				INFOPLIST_FILE = MovieBoxTests/Info.plist;
				IPHONEOS_DEPLOYMENT_TARGET = 12.4;
				LD_RUNPATH_SEARCH_PATHS = (
					"$(inherited)",
					"@executable_path/Frameworks",
					"@loader_path/Frameworks",
				);
				PRODUCT_BUNDLE_IDENTIFIER = com.moviebox.ios.MovieBoxTests;
				PRODUCT_NAME = "$(TARGET_NAME)";
				SWIFT_VERSION = 5.0;
				TARGETED_DEVICE_FAMILY = "1,2";
				TEST_HOST = "$(BUILT_PRODUCTS_DIR)/MarvelProject.app/MarvelProject";
			};
			name = Debug;
		};
		17F6F65C2365A94C0089D0EF /* Release */ = {
			isa = XCBuildConfiguration;
			baseConfigurationReference = 3D672497F8383F858C56D3D7 /* Pods-MovieBoxTests.release.xcconfig */;
			buildSettings = {
				BUNDLE_LOADER = "$(TEST_HOST)";
				CODE_SIGN_STYLE = Automatic;
				DEVELOPMENT_TEAM = 9PU6D47W39;
				INFOPLIST_FILE = MovieBoxTests/Info.plist;
				IPHONEOS_DEPLOYMENT_TARGET = 12.4;
				LD_RUNPATH_SEARCH_PATHS = (
					"$(inherited)",
					"@executable_path/Frameworks",
					"@loader_path/Frameworks",
				);
				PRODUCT_BUNDLE_IDENTIFIER = com.moviebox.ios.MovieBoxTests;
				PRODUCT_NAME = "$(TARGET_NAME)";
				SWIFT_VERSION = 5.0;
				TARGETED_DEVICE_FAMILY = "1,2";
				TEST_HOST = "$(BUILT_PRODUCTS_DIR)/MarvelProject.app/MarvelProject";
			};
			name = Release;
		};
/* End XCBuildConfiguration section */

/* Begin XCConfigurationList section */
		17F6F5F423658EB60089D0EF /* Build configuration list for PBXProject "MarvelProject" */ = {
			isa = XCConfigurationList;
			buildConfigurations = (
				17F6F61623658EB90089D0EF /* Debug */,
				17F6F61723658EB90089D0EF /* Release */,
			);
			defaultConfigurationIsVisible = 0;
			defaultConfigurationName = Release;
		};
		17F6F61823658EB90089D0EF /* Build configuration list for PBXNativeTarget "MarvelProject" */ = {
			isa = XCConfigurationList;
			buildConfigurations = (
				17F6F61923658EB90089D0EF /* Debug */,
				17F6F61A23658EB90089D0EF /* Release */,
			);
			defaultConfigurationIsVisible = 0;
			defaultConfigurationName = Release;
		};
		17F6F65A2365A94C0089D0EF /* Build configuration list for PBXNativeTarget "MarvelProjectTests" */ = {
			isa = XCConfigurationList;
			buildConfigurations = (
				17F6F65B2365A94C0089D0EF /* Debug */,
				17F6F65C2365A94C0089D0EF /* Release */,
			);
			defaultConfigurationIsVisible = 0;
			defaultConfigurationName = Release;
		};
/* End XCConfigurationList section */
	};
	rootObject = 17F6F5F123658EB60089D0EF /* Project object */;
}
